# This file is generated by running "yarn install" inside your project.
# Manual changes might be lost - proceed with caution!

__metadata:
  version: 8
  cacheKey: 10c0

"@types/chrome@npm:^0.0.260":
  version: 0.0.260
  resolution: "@types/chrome@npm:0.0.260"
  dependencies:
    "@types/filesystem": "npm:*"
    "@types/har-format": "npm:*"
  checksum: 10c0/58d844c2f88794d0181325d8f79b47462c1cbfca44d59b18bc49243a85a97757c6ec4290c207912a9b751831f955c5f7598379be0eb5b8f509025da691d113a2
  languageName: node
  linkType: hard

"@types/filesystem@npm:*":
  version: 0.0.36
  resolution: "@types/filesystem@npm:0.0.36"
  dependencies:
    "@types/filewriter": "npm:*"
  checksum: 10c0/3ebec32f0494b0a2612187d148e9f253ff55672c53f566d9a1e6d891eb6e2372df93c252b594b2775bc53e6660c4c37fdb05dc1b26e72b60a31010da8e1f7317
  languageName: node
  linkType: hard

"@types/filewriter@npm:*":
  version: 0.0.33
  resolution: "@types/filewriter@npm:0.0.33"
  checksum: 10c0/363ef9a658a961ceae04f52934562e4ebdcdc3a2564dd8544f593d77113c16574938b6ba4fea0bee418c37bda0668c1e03dfedb6adf00d55853f51fb3a59247b
  languageName: node
  linkType: hard

"@types/har-format@npm:*":
  version: 1.2.16
  resolution: "@types/har-format@npm:1.2.16"
  checksum: 10c0/77e952bc219db0c1f0588cab3b95865bc343b922e8423a76fbbd6a757c40709a256933fa415eb8fefda6ea5897c8e3dd3191bb8a82b37c13d9232467d31ae485
  languageName: node
  linkType: hard

"@types/node@npm:^20.11.24":
  version: 20.17.57
  resolution: "@types/node@npm:20.17.57"
  dependencies:
    undici-types: "npm:~6.19.2"
  checksum: 10c0/c04f3b6c4f335ad50bd3af62cd9e64a86c355cb6b363cb0e618511db4c6801c8539781c3786076eca6f56e999d6c7fc4748e43393a107aad57e65e3ffd1f73bf
  languageName: node
  linkType: hard

"fc-stream-monitor@workspace:.":
  version: 0.0.0-use.local
  resolution: "fc-stream-monitor@workspace:."
  dependencies:
    "@types/chrome": "npm:^0.0.260"
    "@types/node": "npm:^20.11.24"
    typescript: "npm:^5.3.3"
  languageName: unknown
  linkType: soft

"typescript@npm:^5.3.3":
  version: 5.8.3
  resolution: "typescript@npm:5.8.3"
  bin:
    tsc: bin/tsc
    tsserver: bin/tsserver
  checksum: 10c0/5f8bb01196e542e64d44db3d16ee0e4063ce4f3e3966df6005f2588e86d91c03e1fb131c2581baf0fb65ee79669eea6e161cd448178986587e9f6844446dbb48
  languageName: node
  linkType: hard

"typescript@patch:typescript@npm%3A^5.3.3#optional!builtin<compat/typescript>":
  version: 5.8.3
  resolution: "typescript@patch:typescript@npm%3A5.8.3#optional!builtin<compat/typescript>::version=5.8.3&hash=5adc0c"
  bin:
    tsc: bin/tsc
    tsserver: bin/tsserver
  checksum: 10c0/92ea03509e06598948559ddcdd8a4ae5a7ab475766d5589f1b796f5731b3d631a4c7ddfb86a3bd44d58d10102b132cd4b4994dda9b63e6273c66d77d6a271dbd
  languageName: node
  linkType: hard

"undici-types@npm:~6.19.2":
  version: 6.19.8
  resolution: "undici-types@npm:6.19.8"
  checksum: 10c0/078afa5990fba110f6824823ace86073b4638f1d5112ee26e790155f481f2a868cc3e0615505b6f4282bdf74a3d8caad715fd809e870c2bb0704e3ea6082f344
  languageName: node
  linkType: hard
